github.com/SebastiaanKlippert/go-wkhtmltopdf v1.9.3 h1:vrA6+R1BMLKMTbos8jAeuBrImHPGtY4gTlcue3OIej8=
github.com/SebastiaanKlippert/go-wkhtmltopdf v1.9.3/go.mod h1:SQq4xfIdvf6WYKSDxAJc+xOJdolt+/bc1jnQKMtPMvQ=
github.com/chromedp/cdproto v0.0.0-20250307225615-b9fffb6d31ad h1:MHThvRorkTti6WhS7rc7BuyIcz+2ZV1WUfjrzVjR9HE=
github.com/chromedp/cdproto v0.0.0-20250307225615-b9fffb6d31ad/go.mod h1:NItd7aLkcfOA/dcMXvl8p1u+lQqioRMq/SqDp71Pb/k=
github.com/chromedp/chromedp v0.13.1 h1:FDh9CfaAt0w70gl69Hb69M/xgZrWuppH9AW22aGa+iU=
github.com/chromedp/chromedp v0.13.1/go.mod h1:O3nO4Lno7iLoVX+7GdqQkehhKG7DtLf/zFRyJo0AhXY=
github.com/chromedp/sysutil v1.1.0 h1:PUFNv5EcprjqXZD9nJb9b/c9ibAbxiYo4exNWZyipwM=
github.com/chromedp/sysutil v1.1.0/go.mod h1:WiThHUdltqCNKGc4gaU50XgYjwjYIhKWoHGPTUfWTJ8=
github.com/go-gomail/gomail v0.0.0-20160411212932-81ebce5c23df h1:Bao6dhmbTA1KFVxmJ6nBoMuOJit2yjEgLJpIMYpop0E=
github.com/go-gomail/gomail v0.0.0-20160411212932-81ebce5c23df/go.mod h1:GJr+FCSXshIwgHBtLglIg9M2l2kQSi6QjVAngtzI08Y=
github.com/go-json-experiment/json v0.0.0-20250223041408-d3c622f1b874 h1:F8d1AJ6M9UQCavhwmO6ZsrYLfG8zVFWfEfMS2MXPkSY=
github.com/go-json-experiment/json v0.0.0-20250223041408-d3c622f1b874/go.mod h1:TiCD2a1pcmjd7YnhGH0f/zKNcCD06B029pHhzV23c2M=
github.com/gobwas/httphead v0.1.0 h1:exrUm0f4YX0L7EBwZHuCF4GDp8aJfVeBrlLQrs6NqWU=
github.com/gobwas/httphead v0.1.0/go.mod h1:O/RXo79gxV8G+RqlR/otEwx4Q36zl9rqC5u12GKvMCM=
github.com/gobwas/pool v0.2.1 h1:xfeeEhW7pwmX8nuLVlqbzVc7udMDrwetjEv+TZIz1og=
github.com/gobwas/pool v0.2.1/go.mod h1:q8bcK0KcYlCgd9e7WYLm9LpyS+YeLd8JVDW6WezmKEw=
github.com/gobwas/ws v1.4.0 h1:CTaoG1tojrh4ucGPcoJFiAQUAsEWekEWvLy7GsVNqGs=
github.com/gobwas/ws v1.4.0/go.mod h1:G3gNqMNtPppf5XUz7O4shetPpcZ1VJ7zt18dlUeakrc=
golang.org/x/sys v0.6.0/go.mod h1:oPkhp1MJrh7nUepCBck5+mAzfO9JrbApNNgaTdGDITg=
golang.org/x/sys v0.31.0 h1:ioabZlmFYtWhL+TRYpcnNlLwhyxaM9kWTDEmfnprqik=
golang.org/x/sys v0.31.0/go.mod h1:BJP2sWEmIv4KK5OTEluFJCKSidICx8ciO85XgH3Ak8k=
gopkg.in/alexcesaro/quotedprintable.v3 v3.0.0-20150716171945-2caba252f4dc h1:2gGKlE2+asNV9m7xrywl36YYNnBG5ZQ0r/BOOxqPpmk=
gopkg.in/alexcesaro/quotedprintable.v3 v3.0.0-20150716171945-2caba252f4dc/go.mod h1:m7x9LTH6d71AHyAX77c9yqWCCa3UKHcVEj9y7hAtKDk=
